
Microsoft Visual Studio Solution File, Format Version 12.00
# Visual Studio Version 16
VisualStudioVersion = 16.0.30225.117
MinimumVisualStudioVersion = 10.0.40219.1
Project("{9A19103F-16F7-4668-BE54-9A1E7A4F7556}") = "InsideIntervals.mvc", "InsideIntervals.mvc\InsideIntervals.mvc.csproj", "{FBB7E775-4C0F-4350-B67F-23D95297DEEE}"
EndProject
Global
	GlobalSection(SolutionConfigurationPlatforms) = preSolution
		Debug|Any CPU = Debug|Any CPU
		Release|Any CPU = Release|Any CPU
	EndGlobalSection
	GlobalSection(ProjectConfigurationPlatforms) = postSolution
		{FBB7E775-4C0F-4350-B67F-23D95297DEEE}.Debug|Any CPU.ActiveCfg = Debug|Any CPU
		{FBB7E775-4C0F-4350-B67F-23D95297DEEE}.Debug|Any CPU.Build.0 = Debug|Any CPU
		{FBB7E775-4C0F-4350-B67F-23D95297DEEE}.Release|Any CPU.ActiveCfg = Release|Any CPU
		{FBB7E775-4C0F-4350-B67F-23D95297DEEE}.Release|Any CPU.Build.0 = Release|Any CPU
	EndGlobalSection
	GlobalSection(SolutionProperties) = preSolution
		HideSolutionNode = FALSE
	EndGlobalSection
	GlobalSection(ExtensibilityGlobals) = postSolution
		SolutionGuid = {72020E97-F296-4035-8364-0D22AFA0C1DC}
	EndGlobalSection
EndGlobal
